
Microsoft Visual Studio Solution File, Format Version 12.00
# Visual Studio 15
VisualStudioVersion = 15.0.28307.1082
MinimumVisualStudioVersion = 10.0.40219.1
Project("{F184B08F-C81C-45F6-A57F-5ABD9991F28F}") = "MedatechUK.Web", "MedatechUK.Web.vbproj", "{0C26263F-C09F-4151-A08A-1119454E503F}"
EndProject
Project("{2150E333-8FDC-42A3-9474-1A3956D46DE8}") = "Solution Items", "Solution Items", "{4BACAAC1-2FA5-4297-9796-6B58AB76BE51}"
	ProjectSection(SolutionItems) = preProject
		readme.md = readme.md
	EndProjectSection
EndProject
Global
	GlobalSection(SolutionConfigurationPlatforms) = preSolution
		Debug|Any CPU = Debug|Any CPU
		Release|Any CPU = Release|Any CPU
	EndGlobalSection
	GlobalSection(ProjectConfigurationPlatforms) = postSolution
		{0C26263F-C09F-4151-A08A-1119454E503F}.Debug|Any CPU.ActiveCfg = Release|Any CPU
		{0C26263F-C09F-4151-A08A-1119454E503F}.Debug|Any CPU.Build.0 = Release|Any CPU
		{0C26263F-C09F-4151-A08A-1119454E503F}.Release|Any CPU.ActiveCfg = Release|Any CPU
		{0C26263F-C09F-4151-A08A-1119454E503F}.Release|Any CPU.Build.0 = Release|Any CPU
	EndGlobalSection
	GlobalSection(SolutionProperties) = preSolution
		HideSolutionNode = FALSE
	EndGlobalSection
	GlobalSection(ExtensibilityGlobals) = postSolution
		SolutionGuid = {6E2E87DC-B647-4265-9216-11472911CACA}
	EndGlobalSection
EndGlobal
